
Microsoft Visual Studio Solution File, Format Version 12.00
# Visual Studio 15
VisualStudioVersion = 15.0.28307.489
MinimumVisualStudioVersion = 10.0.40219.1
Project("{FAE04EC0-301F-11D3-BF4B-00C04F79EFBC}") = "RezultatiAngular", "RezultatiAngular\RezultatiAngular.csproj", "{C2E767CD-F232-4C50-A13E-00B71164B055}"
EndProject
Global
	GlobalSection(SolutionConfigurationPlatforms) = preSolution
		Debug|Any CPU = Debug|Any CPU
		Release|Any CPU = Release|Any CPU
	EndGlobalSection
	GlobalSection(ProjectConfigurationPlatforms) = postSolution
		{C2E767CD-F232-4C50-A13E-00B71164B055}.Debug|Any CPU.ActiveCfg = Debug|Any CPU
		{C2E767CD-F232-4C50-A13E-00B71164B055}.Debug|Any CPU.Build.0 = Debug|Any CPU
		{C2E767CD-F232-4C50-A13E-00B71164B055}.Release|Any CPU.ActiveCfg = Release|Any CPU
		{C2E767CD-F232-4C50-A13E-00B71164B055}.Release|Any CPU.Build.0 = Release|Any CPU
	EndGlobalSection
	GlobalSection(SolutionProperties) = preSolution
		HideSolutionNode = FALSE
	EndGlobalSection
	GlobalSection(ExtensibilityGlobals) = postSolution
		SolutionGuid = {470CA2C0-E8A1-4D28-9C99-E4261CCC2EC2}
	EndGlobalSection
EndGlobal
